# This file is automatically @generated by Cargo.
# It is not intended for manual editing.
version = 3

[[package]]
name = "rockbox-graphql"
version = "0.1.0"
dependencies = [
 "rockbox-sys",
]

[[package]]
name = "rockbox-rpc"
version = "0.1.0"
dependencies = [
 "rockbox-sys",
]

[[package]]
name = "rockbox-server"
version = "0.1.0"
dependencies = [
 "rockbox-graphql",
 "rockbox-rpc",
 "rockbox-sys",
]

[[package]]
name = "rockbox-sys"
version = "0.1.0"
